
Microsoft Visual Studio Solution File, Format Version 12.00
# Visual Studio Version 17
VisualStudioVersion = 17.3.32929.385
MinimumVisualStudioVersion = 10.0.40219.1
Project("{9A19103F-16F7-4668-BE54-9A1E7A4F7556}") = "Ejercicio01", "trabajo-practico-04\Ejercicio01.csproj", "{F3DCD483-B24D-4973-892B-30E5C25BB2A5}"
EndProject
Global
	GlobalSection(SolutionConfigurationPlatforms) = preSolution
		Debug|Any CPU = Debug|Any CPU
		Release|Any CPU = Release|Any CPU
	EndGlobalSection
	GlobalSection(ProjectConfigurationPlatforms) = postSolution
		{F3DCD483-B24D-4973-892B-30E5C25BB2A5}.Debug|Any CPU.ActiveCfg = Debug|Any CPU
		{F3DCD483-B24D-4973-892B-30E5C25BB2A5}.Debug|Any CPU.Build.0 = Debug|Any CPU
		{F3DCD483-B24D-4973-892B-30E5C25BB2A5}.Release|Any CPU.ActiveCfg = Release|Any CPU
		{F3DCD483-B24D-4973-892B-30E5C25BB2A5}.Release|Any CPU.Build.0 = Release|Any CPU
	EndGlobalSection
	GlobalSection(SolutionProperties) = preSolution
		HideSolutionNode = FALSE
	EndGlobalSection
	GlobalSection(ExtensibilityGlobals) = postSolution
		SolutionGuid = {4C02FD98-4C1A-480A-AD2B-110DF87190D0}
	EndGlobalSection
EndGlobal
